{
  "name": "admin-theme",
  "version": "1.0.0",
  "lockfileVersion": 1,
  "requires": true,
  "dependencies": {
    "@swc/helpers": {
      "version": "0.2.14",
      "resolved": "https://registry.npmjs.org/@swc/helpers/-/helpers-0.2.14.tgz",
      "integrity": "sha512-wpCQMhf5p5GhNg2MmGKXzUNwxe7zRiCsmqYsamez2beP7mKPCSiu+BjZcdN95yYSzO857kr0VfQewmGpS77nqA=="
    },
    "@yaireo/tagify": {
      "version": "4.9.0",
      "resolved": "https://registry.npmjs.org/@yaireo/tagify/-/tagify-4.9.0.tgz",
      "integrity": "sha512-RgALyZ9rLx36d61rtL5IuOlq351aTmJAJTqVah90QpkngPBImmYsNQ0BCIQkhFidr9a37CzrVJ35rhsSL2noAA=="
    },
    "bootstrap": {
      "version": "5.1.3",
      "resolved": "https://registry.npmjs.org/bootstrap/-/bootstrap-5.1.3.tgz",
      "integrity": "sha512-fcQztozJ8jToQWXxVuEyXWW+dSo8AiXWKwiSSrKWsRB/Qt+Ewwza+JWoLKiTuQLaEPhdNAJ7+Dosc9DOIqNy7Q=="
    },
    "cleave.js": {
      "version": "1.6.0",
      "resolved": "https://registry.npmjs.org/cleave.js/-/cleave.js-1.6.0.tgz",
      "integrity": "sha512-ivqesy3j5hQVG3gywPfwKPbi/7ZSftY/UNp5uphnqjr25yI2CP8FS2ODQPzuLXXnNLi29e2+PgPkkiKUXLs/Nw=="
    },
    "datatables.net": {
      "version": "1.11.3",
      "resolved": "https://registry.npmjs.org/datatables.net/-/datatables.net-1.11.3.tgz",
      "integrity": "sha512-VMj5qEaTebpNurySkM6jy6sGpl+s6onPK8xJhYr296R/vUBnz1+id16NVqNf9z5aR076OGcpGHCuiTuy4E05oQ==",
      "requires": {
        "jquery": ">=1.7"
      }
    },
    "datatables.net-bs5": {
      "version": "1.11.3",
      "resolved": "https://registry.npmjs.org/datatables.net-bs5/-/datatables.net-bs5-1.11.3.tgz",
      "integrity": "sha512-u0tosKUR1XNpXzxOOt2NInnNYayt7GQoG+OM1xPRhdkZ7ZBD4oNF8S0aKve8yvSUq/ZwTMh4WJeh80GdmrJAdQ==",
      "requires": {
        "datatables.net": ">=1.10.25",
        "jquery": ">=1.7"
      }
    },
    "datatables.net-dt": {
      "version": "1.11.3",
      "resolved": "https://registry.npmjs.org/datatables.net-dt/-/datatables.net-dt-1.11.3.tgz",
      "integrity": "sha512-EX/thRwXpQRj8hZSb+ZMDNQ4uW1zLZa9BoAhhw1b5HIDH1nJ9WRTkERsoxE+3WISeX8bDiaEydf8TTQBSqxXVw==",
      "requires": {
        "datatables.net": ">=1.10.25",
        "jquery": ">=1.7"
      }
    },
    "dropzone": {
      "version": "6.0.0-beta.1",
      "resolved": "https://registry.npmjs.org/dropzone/-/dropzone-6.0.0-beta.1.tgz",
      "integrity": "sha512-j6882YI4oa0vxV6nFdW7/0QiWBp0DKdtLC/J2GUz4v6FIz3SNLtZbXl43lUTIs+FrwixnfIsCSjQuTpaGNDeLQ==",
      "requires": {
        "@swc/helpers": "^0.2.13",
        "just-extend": "^5.0.0"
      }
    },
    "flatpickr": {
      "version": "4.6.9",
      "resolved": "https://registry.npmjs.org/flatpickr/-/flatpickr-4.6.9.tgz",
      "integrity": "sha512-F0azNNi8foVWKSF+8X+ZJzz8r9sE1G4hl06RyceIaLvyltKvDl6vqk9Lm/6AUUCi5HWaIjiUbk7UpeE/fOXOpw=="
    },
    "jquery": {
      "version": "3.6.0",
      "resolved": "https://registry.npmjs.org/jquery/-/jquery-3.6.0.tgz",
      "integrity": "sha512-JVzAR/AjBvVt2BmYhxRCSYysDsPcssdmTFnzyLEts9qNwmjmu4JTAMYubEfwVOSwpQ1I1sKKFcxhZCI2buerfw=="
    },
    "jquery-maskmoney": {
      "version": "3.0.2",
      "resolved": "https://registry.npmjs.org/jquery-maskmoney/-/jquery-maskmoney-3.0.2.tgz",
      "integrity": "sha1-8Y3k8GuMZq2XyuizIFcck2rGN7c=",
      "requires": {
        "jquery": ">=1.6"
      }
    },
    "jquery-validation": {
      "version": "1.19.3",
      "resolved": "https://registry.npmjs.org/jquery-validation/-/jquery-validation-1.19.3.tgz",
      "integrity": "sha512-iXxCS5W7STthSTMFX/NDZfWHBLbJ1behVK3eAgHXAV8/0vRa9M4tiqHvJMr39VGWHMGdlkhrtrkBuaL2UlE8yw=="
    },
    "just-extend": {
      "version": "5.1.1",
      "resolved": "https://registry.npmjs.org/just-extend/-/just-extend-5.1.1.tgz",
      "integrity": "sha512-b+z6yF1d4EOyDgylzQo5IminlUmzSeqR1hs/bzjBNjuGras4FXq/6TrzjxfN0j+TmI0ltJzTNlqXUMCniciwKQ=="
    },
    "litepicker": {
      "version": "2.0.12",
      "resolved": "https://registry.npmjs.org/litepicker/-/litepicker-2.0.12.tgz",
      "integrity": "sha512-1N0sZJca/eALvS1hbJsVqKXwJAmp0BsJn73kZKWGGLjZkvjKr7HXGPV+/shu60aEY/JXoOg2XUmo7hbdIOsFpQ=="
    },
    "pretty-checkbox": {
      "version": "3.0.3",
      "resolved": "https://registry.npmjs.org/pretty-checkbox/-/pretty-checkbox-3.0.3.tgz",
      "integrity": "sha1-1JyAE6j8CO4MLW695FNGS/28Qo4="
    },
    "select2": {
      "version": "4.1.0-rc.0",
      "resolved": "https://registry.npmjs.org/select2/-/select2-4.1.0-rc.0.tgz",
      "integrity": "sha512-Hr9TdhyHCZUtwznEH2CBf7967mEM0idtJ5nMtjvk3Up5tPukOLXbHUNmh10oRfeNIhj+3GD3niu+g6sVK+gK0A=="
    },
    "select2-bootstrap-5-theme": {
      "version": "1.2.0",
      "resolved": "https://registry.npmjs.org/select2-bootstrap-5-theme/-/select2-bootstrap-5-theme-1.2.0.tgz",
      "integrity": "sha512-ia8yvInGTU9XntLQM1+ByGNA+nY2LPqgdB4XA/D766gihZjRpPJlum2eXbg/ur4q+H5hAnoCkY5TcFcX3DseKg==",
      "requires": {
        "bootstrap": "^5.0.2"
      }
    },
    "sweetalert2": {
      "version": "11.1.10",
      "resolved": "https://registry.npmjs.org/sweetalert2/-/sweetalert2-11.1.10.tgz",
      "integrity": "sha512-Zy/Pdsvf6gJoaqnBaLXYrjElJ85ipe9D5FfcSKxJ0b1PPnTS3B5eC3rFB2pPbo9m1p+LVLBZVvE35JPL2vG6xA=="
    },
    "tinymce": {
      "version": "5.10.1",
      "resolved": "https://registry.npmjs.org/tinymce/-/tinymce-5.10.1.tgz",
      "integrity": "sha512-aIsFTYiuESpoYkCgkoojpVtPwrSvYBxp4mMEGsj20CnUruLCWosywkbYHDII+j7KlQZZn3p+xK89f5gT3QyuGw=="
    }
  }
}
